
Microsoft Visual Studio Solution File, Format Version 12.00
# Visual Studio Version 17
VisualStudioVersion = 17.1.32210.238
MinimumVisualStudioVersion = 10.0.40219.1
Project("{9A19103F-16F7-4668-BE54-9A1E7A4F7556}") = "OnnxVitsSharp", "OnnxVitsSharp\OnnxVitsSharp.csproj", "{C347CE0F-847D-4999-8AD3-F43B262C76B1}"
EndProject
Project("{FAE04EC0-301F-11D3-BF4B-00C04F79EFBC}") = "OnnxVitsLib", "VitsOnnxLib\OnnxVitsLib.csproj", "{A9F133FB-0C7B-441B-9629-6351A5BAB92E}"
EndProject
Project("{FAE04EC0-301F-11D3-BF4B-00C04F79EFBC}") = "OnnxVitsLibDemo", "OnnxVitsLibDemo\OnnxVitsLibDemo.csproj", "{74BEDFCD-B7F1-4A37-B725-05F0D3CC7ED8}"
EndProject
Global
	GlobalSection(SolutionConfigurationPlatforms) = preSolution
		Debug|Any CPU = Debug|Any CPU
		Release|Any CPU = Release|Any CPU
	EndGlobalSection
	GlobalSection(ProjectConfigurationPlatforms) = postSolution
		{C347CE0F-847D-4999-8AD3-F43B262C76B1}.Debug|Any CPU.ActiveCfg = Debug|Any CPU
		{C347CE0F-847D-4999-8AD3-F43B262C76B1}.Debug|Any CPU.Build.0 = Debug|Any CPU
		{C347CE0F-847D-4999-8AD3-F43B262C76B1}.Release|Any CPU.ActiveCfg = Release|Any CPU
		{C347CE0F-847D-4999-8AD3-F43B262C76B1}.Release|Any CPU.Build.0 = Release|Any CPU
		{A9F133FB-0C7B-441B-9629-6351A5BAB92E}.Debug|Any CPU.ActiveCfg = Debug|Any CPU
		{A9F133FB-0C7B-441B-9629-6351A5BAB92E}.Debug|Any CPU.Build.0 = Debug|Any CPU
		{A9F133FB-0C7B-441B-9629-6351A5BAB92E}.Release|Any CPU.ActiveCfg = Release|Any CPU
		{A9F133FB-0C7B-441B-9629-6351A5BAB92E}.Release|Any CPU.Build.0 = Release|Any CPU
		{74BEDFCD-B7F1-4A37-B725-05F0D3CC7ED8}.Debug|Any CPU.ActiveCfg = Debug|Any CPU
		{74BEDFCD-B7F1-4A37-B725-05F0D3CC7ED8}.Debug|Any CPU.Build.0 = Debug|Any CPU
		{74BEDFCD-B7F1-4A37-B725-05F0D3CC7ED8}.Release|Any CPU.ActiveCfg = Release|Any CPU
		{74BEDFCD-B7F1-4A37-B725-05F0D3CC7ED8}.Release|Any CPU.Build.0 = Release|Any CPU
	EndGlobalSection
	GlobalSection(SolutionProperties) = preSolution
		HideSolutionNode = FALSE
	EndGlobalSection
	GlobalSection(ExtensibilityGlobals) = postSolution
		SolutionGuid = {CCD80489-F24A-4E0C-9AD6-A7CD5BFB6A7F}
	EndGlobalSection
EndGlobal
